{
    "name": "npm-practice",
    "version": "1.0.0",
    "lockfileVersion": 2,
    "requires": true,
    "packages": {
        "": {
            "name": "npm-practice",
            "version": "1.0.0",
            "license": "ISC",
            "dependencies": {
                "dayjs": "^1.10.8",
                "js": "^0.1.0",
                "validator": "^13.7.0"
            }
        },
        "node_modules/commander": {
            "version": "1.1.1",
            "resolved": "https://registry.npmjs.org/commander/-/commander-1.1.1.tgz",
            "integrity": "sha1-UNFlGGiuYOzP8KLZ80WVN2vGsEE=",
            "dependencies": {
                "keypress": "0.1.x"
            },
            "engines": {
                "node": ">= 0.6.x"
            }
        },
        "node_modules/dayjs": {
            "version": "1.10.8",
            "resolved": "https://registry.npmjs.org/dayjs/-/dayjs-1.10.8.tgz",
            "integrity": "sha512-wbNwDfBHHur9UOzNUjeKUOJ0fCb0a52Wx0xInmQ7Y8FstyajiV1NmK1e00cxsr9YrE9r7yAChE0VvpuY5Rnlow=="
        },
        "node_modules/js": {
            "version": "0.1.0",
            "resolved": "https://registry.npmjs.org/js/-/js-0.1.0.tgz",
            "integrity": "sha1-4dCv1V6jnCso2jBOgUPq8sEz82Y=",
            "dependencies": {
                "commander": "~1.1.1"
            },
            "bin": {
                "js": "bin/js"
            }
        },
        "node_modules/keypress": {
            "version": "0.1.0",
            "resolved": "https://registry.npmjs.org/keypress/-/keypress-0.1.0.tgz",
            "integrity": "sha1-SjGI1CkbZrT2XtuZ+AaqmuKTWSo="
        },
        "node_modules/validator": {
            "version": "13.7.0",
            "resolved": "https://registry.npmjs.org/validator/-/validator-13.7.0.tgz",
            "integrity": "sha512-nYXQLCBkpJ8X6ltALua9dRrZDHVYxjJ1wgskNt1lH9fzGjs3tgojGSCBjmEPwkWS1y29+DrizMTW19Pr9uB2nw==",
            "engines": {
                "node": ">= 0.10"
            }
        }
    },
    "dependencies": {
        "commander": {
            "version": "1.1.1",
            "resolved": "https://registry.npmjs.org/commander/-/commander-1.1.1.tgz",
            "integrity": "sha1-UNFlGGiuYOzP8KLZ80WVN2vGsEE=",
            "requires": {
                "keypress": "0.1.x"
            }
        },
        "dayjs": {
            "version": "1.10.8",
            "resolved": "https://registry.npmjs.org/dayjs/-/dayjs-1.10.8.tgz",
            "integrity": "sha512-wbNwDfBHHur9UOzNUjeKUOJ0fCb0a52Wx0xInmQ7Y8FstyajiV1NmK1e00cxsr9YrE9r7yAChE0VvpuY5Rnlow=="
        },
        "js": {
            "version": "0.1.0",
            "resolved": "https://registry.npmjs.org/js/-/js-0.1.0.tgz",
            "integrity": "sha1-4dCv1V6jnCso2jBOgUPq8sEz82Y=",
            "requires": {
                "commander": "~1.1.1"
            }
        },
        "keypress": {
            "version": "0.1.0",
            "resolved": "https://registry.npmjs.org/keypress/-/keypress-0.1.0.tgz",
            "integrity": "sha1-SjGI1CkbZrT2XtuZ+AaqmuKTWSo="
        },
        "validator": {
            "version": "13.7.0",
            "resolved": "https://registry.npmjs.org/validator/-/validator-13.7.0.tgz",
            "integrity": "sha512-nYXQLCBkpJ8X6ltALua9dRrZDHVYxjJ1wgskNt1lH9fzGjs3tgojGSCBjmEPwkWS1y29+DrizMTW19Pr9uB2nw=="
        }
    }
}
